
Microsoft Visual Studio Solution File, Format Version 12.00
# Visual Studio Version 17
VisualStudioVersion = 17.5.33530.505
MinimumVisualStudioVersion = 10.0.40219.1
Project("{FAE04EC0-301F-11D3-BF4B-00C04F79EFBC}") = "Hello Git", "Hello Gi\Hello Git.csproj", "{99ADCE0A-D0F3-42AB-A8D9-9FD1C1FF0DA9}"
EndProject
Global
	GlobalSection(SolutionConfigurationPlatforms) = preSolution
		Debug|Any CPU = Debug|Any CPU
		Release|Any CPU = Release|Any CPU
	EndGlobalSection
	GlobalSection(ProjectConfigurationPlatforms) = postSolution
		{99ADCE0A-D0F3-42AB-A8D9-9FD1C1FF0DA9}.Debug|Any CPU.ActiveCfg = Debug|Any CPU
		{99ADCE0A-D0F3-42AB-A8D9-9FD1C1FF0DA9}.Debug|Any CPU.Build.0 = Debug|Any CPU
		{99ADCE0A-D0F3-42AB-A8D9-9FD1C1FF0DA9}.Release|Any CPU.ActiveCfg = Release|Any CPU
		{99ADCE0A-D0F3-42AB-A8D9-9FD1C1FF0DA9}.Release|Any CPU.Build.0 = Release|Any CPU
	EndGlobalSection
	GlobalSection(SolutionProperties) = preSolution
		HideSolutionNode = FALSE
	EndGlobalSection
	GlobalSection(ExtensibilityGlobals) = postSolution
		SolutionGuid = {C94EBF70-8B42-4222-A6AD-BE471143B936}
	EndGlobalSection
EndGlobal
